// !$*UTF8*$!
{
	archiveVersion = 1;
	classes = {
	};
	objectVersion = 56;
	objects = {

/* Begin PBXBuildFile section */
		626D7C722FDC916700920649 /* ImgIdentificationApp.swift in Sources */ = {isa = PBXBuildFile; fileRef = 626D7C712FDC916700920649 /* ImgIdentificationApp.swift */; };
		626D7C742FDC916700920649 /* ContentView.swift in Sources */ = {isa = PBXBuildFile; fileRef = 626D7C732FDC916700920649 /* ContentView.swift */; };
		626D7C762FDC916900920649 /* Assets.xcassets in Resources */ = {isa = PBXBuildFile; fileRef = 626D7C752FDC916900920649 /* Assets.xcassets */; };
		626D7C792FDC916900920649 /* Preview Assets.xcassets in Resources */ = {isa = PBXBuildFile; fileRef = 626D7C782FDC916900920649 /* Preview Assets.xcassets */; };
		626D7C822FDC926F00920649 /* AzureChatRequest.swift in Sources */ = {isa = PBXBuildFile; fileRef = 626D7C812FDC926F00920649 /* AzureChatRequest.swift */; };
		626D7C852FDC92AB00920649 /* AzureAIService.swift in Sources */ = {isa = PBXBuildFile; fileRef = 626D7C842FDC92AB00920649 /* AzureAIService.swift */; };
		626EC6852FE1C60200FFFF0E /* AISplashView.swift in Sources */ = {isa = PBXBuildFile; fileRef = 626EC6842FE1C60200FFFF0E /* AISplashView.swift */; };
/* End PBXBuildFile section */

/* Begin PBXFileReference section */
		626D7C6E2FDC916700920649 /* ImgIdentification.app */ = {isa = PBXFileReference; explicitFileType = wrapper.application; includeInIndex = 0; path = ImgIdentification.app; sourceTree = BUILT_PRODUCTS_DIR; };
		626D7C712FDC916700920649 /* ImgIdentificationApp.swift */ = {isa = PBXFileReference; lastKnownFileType = sourcecode.swift; path = ImgIdentificationApp.swift; sourceTree = "<group>"; };
		626D7C732FDC916700920649 /* ContentView.swift */ = {isa = PBXFileReference; lastKnownFileType = sourcecode.swift; path = ContentView.swift; sourceTree = "<group>"; };
		626D7C752FDC916900920649 /* Assets.xcassets */ = {isa = PBXFileReference; lastKnownFileType = folder.assetcatalog; path = Assets.xcassets; sourceTree = "<group>"; };
		626D7C782FDC916900920649 /* Preview Assets.xcassets */ = {isa = PBXFileReference; lastKnownFileType = folder.assetcatalog; path = "Preview Assets.xcassets"; sourceTree = "<group>"; };
		626D7C812FDC926F00920649 /* AzureChatRequest.swift */ = {isa = PBXFileReference; lastKnownFileType = sourcecode.swift; path = AzureChatRequest.swift; sourceTree = "<group>"; };
		626D7C842FDC92AB00920649 /* AzureAIService.swift */ = {isa = PBXFileReference; lastKnownFileType = sourcecode.swift; path = AzureAIService.swift; sourceTree = "<group>"; };
		626EC6842FE1C60200FFFF0E /* AISplashView.swift */ = {isa = PBXFileReference; lastKnownFileType = sourcecode.swift; path = AISplashView.swift; sourceTree = "<group>"; };
/* End PBXFileReference section */

/* Begin PBXFrameworksBuildPhase section */
		626D7C6B2FDC916700920649 /* Frameworks */ = {
			isa = PBXFrameworksBuildPhase;
			buildActionMask = 2147483647;
			files = (
			);
			runOnlyForDeploymentPostprocessing = 0;
		};
/* End PBXFrameworksBuildPhase section */

/* Begin PBXGroup section */
		626D7C652FDC916700920649 = {
			isa = PBXGroup;
			children = (
				626D7C702FDC916700920649 /* ImgIdentification */,
				626D7C6F2FDC916700920649 /* Products */,
			);
			sourceTree = "<group>";
		};
		626D7C6F2FDC916700920649 /* Products */ = {
			isa = PBXGroup;
			children = (
				626D7C6E2FDC916700920649 /* ImgIdentification.app */,
			);
			name = Products;
			sourceTree = "<group>";
		};
		626D7C702FDC916700920649 /* ImgIdentification */ = {
			isa = PBXGroup;
			children = (
				626D7C832FDC929600920649 /* Services */,
				626D7C802FDC91A100920649 /* Views */,
				626D7C7F2FDC919600920649 /* Models */,
				626D7C712FDC916700920649 /* ImgIdentificationApp.swift */,
				626D7C732FDC916700920649 /* ContentView.swift */,
				626D7C752FDC916900920649 /* Assets.xcassets */,
				626D7C772FDC916900920649 /* Preview Content */,
			);
			path = ImgIdentification;
			sourceTree = "<group>";
		};
		626D7C772FDC916900920649 /* Preview Content */ = {
			isa = PBXGroup;
			children = (
				626D7C782FDC916900920649 /* Preview Assets.xcassets */,
			);
			path = "Preview Content";
			sourceTree = "<group>";
		};
		626D7C7F2FDC919600920649 /* Models */ = {
			isa = PBXGroup;
			children = (
				626D7C812FDC926F00920649 /* AzureChatRequest.swift */,
			);
			path = Models;
			sourceTree = "<group>";
		};
		626D7C802FDC91A100920649 /* Views */ = {
			isa = PBXGroup;
			children = (
				626EC6842FE1C60200FFFF0E /* AISplashView.swift */,
			);
			path = Views;
			sourceTree = "<group>";
		};
		626D7C832FDC929600920649 /* Services */ = {
			isa = PBXGroup;
			children = (
				626D7C842FDC92AB00920649 /* AzureAIService.swift */,
			);
			path = Services;
			sourceTree = "<group>";
		};
/* End PBXGroup section */

/* Begin PBXNativeTarget section */
		626D7C6D2FDC916700920649 /* ImgIdentification */ = {
			isa = PBXNativeTarget;
			buildConfigurationList = 626D7C7C2FDC916900920649 /* Build configuration list for PBXNativeTarget "ImgIdentification" */;
			buildPhases = (
				626D7C6A2FDC916700920649 /* Sources */,
				626D7C6B2FDC916700920649 /* Frameworks */,
				626D7C6C2FDC916700920649 /* Resources */,
			);
			buildRules = (
			);
			dependencies = (
			);
			name = ImgIdentification;
			productName = ImgIdentification;
			productReference = 626D7C6E2FDC916700920649 /* ImgIdentification.app */;
			productType = "com.apple.product-type.application";
		};
/* End PBXNativeTarget section */

/* Begin PBXProject section */
		626D7C662FDC916700920649 /* Project object */ = {
			isa = PBXProject;
			attributes = {
				BuildIndependentTargetsInParallel = 1;
				LastSwiftUpdateCheck = 1540;
				LastUpgradeCheck = 1540;
				TargetAttributes = {
					626D7C6D2FDC916700920649 = {
						CreatedOnToolsVersion = 15.4;
					};
				};
			};
			buildConfigurationList = 626D7C692FDC916700920649 /* Build configuration list for PBXProject "ImgIdentification" */;
			compatibilityVersion = "Xcode 14.0";
			developmentRegion = en;
			hasScannedForEncodings = 0;
			knownRegions = (
				en,
				Base,
			);
			mainGroup = 626D7C652FDC916700920649;
			productRefGroup = 626D7C6F2FDC916700920649 /* Products */;
			projectDirPath = "";
			projectRoot = "";
			targets = (
				626D7C6D2FDC916700920649 /* ImgIdentification */,
			);
		};
/* End PBXProject section */

/* Begin PBXResourcesBuildPhase section */
		626D7C6C2FDC916700920649 /* Resources */ = {
			isa = PBXResourcesBuildPhase;
			buildActionMask = 2147483647;
			files = (
				626D7C792FDC916900920649 /* Preview Assets.xcassets in Resources */,
				626D7C762FDC916900920649 /* Assets.xcassets in Resources */,
			);
			runOnlyForDeploymentPostprocessing = 0;
		};
/* End PBXResourcesBuildPhase section */

/* Begin PBXSourcesBuildPhase section */
		626D7C6A2FDC916700920649 /* Sources */ = {
			isa = PBXSourcesBuildPhase;
			buildActionMask = 2147483647;
			files = (
				626D7C822FDC926F00920649 /* AzureChatRequest.swift in Sources */,
				626D7C852FDC92AB00920649 /* AzureAIService.swift in Sources */,
				626EC6852FE1C60200FFFF0E /* AISplashView.swift in Sources */,
				626D7C742FDC916700920649 /* ContentView.swift in Sources */,
				626D7C722FDC916700920649 /* ImgIdentificationApp.swift in Sources */,
			);
			runOnlyForDeploymentPostprocessing = 0;
		};
/* End PBXSourcesBuildPhase section */

/* Begin XCBuildConfiguration section */
		626D7C7A2FDC916900920649 /* Debug */ = {
			isa = XCBuildConfiguration;
			buildSettings = {
				ALWAYS_SEARCH_USER_PATHS = NO;
				ASSETCATALOG_COMPILER_GENERATE_SWIFT_ASSET_SYMBOL_EXTENSIONS = YES;
				CLANG_ANALYZER_NONNULL = YES;
				CLANG_ANALYZER_NUMBER_OBJECT_CONVERSION = YES_AGGRESSIVE;
				CLANG_CXX_LANGUAGE_STANDARD = "gnu++20";
				CLANG_ENABLE_MODULES = YES;
				CLANG_ENABLE_OBJC_ARC = YES;
				CLANG_ENABLE_OBJC_WEAK = YES;
				CLANG_WARN_BLOCK_CAPTURE_AUTORELEASING = YES;
				CLANG_WARN_BOOL_CONVERSION = YES;
				CLANG_WARN_COMMA = YES;
				CLANG_WARN_CONSTANT_CONVERSION = YES;
				CLANG_WARN_DEPRECATED_OBJC_IMPLEMENTATIONS = YES;
				CLANG_WARN_DIRECT_OBJC_ISA_USAGE = YES_ERROR;
				CLANG_WARN_DOCUMENTATION_COMMENTS = YES;
				CLANG_WARN_EMPTY_BODY = YES;
				CLANG_WARN_ENUM_CONVERSION = YES;
				CLANG_WARN_INFINITE_RECURSION = YES;
				CLANG_WARN_INT_CONVERSION = YES;
				CLANG_WARN_NON_LITERAL_NULL_CONVERSION = YES;
				CLANG_WARN_OBJC_IMPLICIT_RETAIN_SELF = YES;
				CLANG_WARN_OBJC_LITERAL_CONVERSION = YES;
				CLANG_WARN_OBJC_ROOT_CLASS = YES_ERROR;
				CLANG_WARN_QUOTED_INCLUDE_IN_FRAMEWORK_HEADER = YES;
				CLANG_WARN_RANGE_LOOP_ANALYSIS = YES;
				CLANG_WARN_STRICT_PROTOTYPES = YES;
				CLANG_WARN_SUSPICIOUS_MOVE = YES;
				CLANG_WARN_UNGUARDED_AVAILABILITY = YES_AGGRESSIVE;
				CLANG_WARN_UNREACHABLE_CODE = YES;
				CLANG_WARN__DUPLICATE_METHOD_MATCH = YES;
				COPY_PHASE_STRIP = NO;
				DEBUG_INFORMATION_FORMAT = dwarf;
				ENABLE_STRICT_OBJC_MSGSEND = YES;
				ENABLE_TESTABILITY = YES;
				ENABLE_USER_SCRIPT_SANDBOXING = YES;
				GCC_C_LANGUAGE_STANDARD = gnu17;
				GCC_DYNAMIC_NO_PIC = NO;
				GCC_NO_COMMON_BLOCKS = YES;
				GCC_OPTIMIZATION_LEVEL = 0;
				GCC_PREPROCESSOR_DEFINITIONS = (
					"DEBUG=1",
					"$(inherited)",
				);
				GCC_WARN_64_TO_32_BIT_CONVERSION = YES;
				GCC_WARN_ABOUT_RETURN_TYPE = YES_ERROR;
				GCC_WARN_UNDECLARED_SELECTOR = YES;
				GCC_WARN_UNINITIALIZED_AUTOS = YES_AGGRESSIVE;
				GCC_WARN_UNUSED_FUNCTION = YES;
				GCC_WARN_UNUSED_VARIABLE = YES;
				IPHONEOS_DEPLOYMENT_TARGET = 17.5;
				LOCALIZATION_PREFERS_STRING_CATALOGS = YES;
				MTL_ENABLE_DEBUG_INFO = INCLUDE_SOURCE;
				MTL_FAST_MATH = YES;
				ONLY_ACTIVE_ARCH = YES;
				SDKROOT = iphoneos;
				SWIFT_ACTIVE_COMPILATION_CONDITIONS = "DEBUG $(inherited)";
				SWIFT_OPTIMIZATION_LEVEL = "-Onone";
			};
			name = Debug;
		};
		626D7C7B2FDC916900920649 /* Release */ = {
			isa = XCBuildConfiguration;
			buildSettings = {
				ALWAYS_SEARCH_USER_PATHS = NO;
				ASSETCATALOG_COMPILER_GENERATE_SWIFT_ASSET_SYMBOL_EXTENSIONS = YES;
				CLANG_ANALYZER_NONNULL = YES;
				CLANG_ANALYZER_NUMBER_OBJECT_CONVERSION = YES_AGGRESSIVE;
				CLANG_CXX_LANGUAGE_STANDARD = "gnu++20";
				CLANG_ENABLE_MODULES = YES;
				CLANG_ENABLE_OBJC_ARC = YES;
				CLANG_ENABLE_OBJC_WEAK = YES;
				CLANG_WARN_BLOCK_CAPTURE_AUTORELEASING = YES;
				CLANG_WARN_BOOL_CONVERSION = YES;
				CLANG_WARN_COMMA = YES;
				CLANG_WARN_CONSTANT_CONVERSION = YES;
				CLANG_WARN_DEPRECATED_OBJC_IMPLEMENTATIONS = YES;
				CLANG_WARN_DIRECT_OBJC_ISA_USAGE = YES_ERROR;
				CLANG_WARN_DOCUMENTATION_COMMENTS = YES;
				CLANG_WARN_EMPTY_BODY = YES;
				CLANG_WARN_ENUM_CONVERSION = YES;
				CLANG_WARN_INFINITE_RECURSION = YES;
				CLANG_WARN_INT_CONVERSION = YES;
				CLANG_WARN_NON_LITERAL_NULL_CONVERSION = YES;
				CLANG_WARN_OBJC_IMPLICIT_RETAIN_SELF = YES;
				CLANG_WARN_OBJC_LITERAL_CONVERSION = YES;
				CLANG_WARN_OBJC_ROOT_CLASS = YES_ERROR;
				CLANG_WARN_QUOTED_INCLUDE_IN_FRAMEWORK_HEADER = YES;
				CLANG_WARN_RANGE_LOOP_ANALYSIS = YES;
				CLANG_WARN_STRICT_PROTOTYPES = YES;
				CLANG_WARN_SUSPICIOUS_MOVE = YES;
				CLANG_WARN_UNGUARDED_AVAILABILITY = YES_AGGRESSIVE;
				CLANG_WARN_UNREACHABLE_CODE = YES;
				CLANG_WARN__DUPLICATE_METHOD_MATCH = YES;
				COPY_PHASE_STRIP = NO;
				DEBUG_INFORMATION_FORMAT = "dwarf-with-dsym";
				ENABLE_NS_ASSERTIONS = NO;
				ENABLE_STRICT_OBJC_MSGSEND = YES;
				ENABLE_USER_SCRIPT_SANDBOXING = YES;
				GCC_C_LANGUAGE_STANDARD = gnu17;
				GCC_NO_COMMON_BLOCKS = YES;
				GCC_WARN_64_TO_32_BIT_CONVERSION = YES;
				GCC_WARN_ABOUT_RETURN_TYPE = YES_ERROR;
				GCC_WARN_UNDECLARED_SELECTOR = YES;
				GCC_WARN_UNINITIALIZED_AUTOS = YES_AGGRESSIVE;
				GCC_WARN_UNUSED_FUNCTION = YES;
				GCC_WARN_UNUSED_VARIABLE = YES;
				IPHONEOS_DEPLOYMENT_TARGET = 17.5;
				LOCALIZATION_PREFERS_STRING_CATALOGS = YES;
				MTL_ENABLE_DEBUG_INFO = NO;
				MTL_FAST_MATH = YES;
				SDKROOT = iphoneos;
				SWIFT_COMPILATION_MODE = wholemodule;
				VALIDATE_PRODUCT = YES;
			};
			name = Release;
		};
		626D7C7D2FDC916900920649 /* Debug */ = {
			isa = XCBuildConfiguration;
			buildSettings = {
				ASSETCATALOG_COMPILER_APPICON_NAME = AppIcon;
				ASSETCATALOG_COMPILER_GLOBAL_ACCENT_COLOR_NAME = AccentColor;
				CODE_SIGN_STYLE = Automatic;
				CURRENT_PROJECT_VERSION = 1;
				DEVELOPMENT_ASSET_PATHS = "\"ImgIdentification/Preview Content\"";
				ENABLE_PREVIEWS = YES;
				GENERATE_INFOPLIST_FILE = YES;
				INFOPLIST_KEY_UIApplicationSceneManifest_Generation = YES;
				INFOPLIST_KEY_UIApplicationSupportsIndirectInputEvents = YES;
				INFOPLIST_KEY_UILaunchScreen_Generation = YES;
				INFOPLIST_KEY_UISupportedInterfaceOrientations_iPad = "UIInterfaceOrientationPortrait UIInterfaceOrientationPortraitUpsideDown UIInterfaceOrientationLandscapeLeft UIInterfaceOrientationLandscapeRight";
				INFOPLIST_KEY_UISupportedInterfaceOrientations_iPhone = "UIInterfaceOrientationPortrait UIInterfaceOrientationLandscapeLeft UIInterfaceOrientationLandscapeRight";
				LD_RUNPATH_SEARCH_PATHS = (
					"$(inherited)",
					"@executable_path/Frameworks",
				);
				MARKETING_VERSION = 1.0;
				PRODUCT_BUNDLE_IDENTIFIER = com.LearningTutorial.ImgIdentification;
				PRODUCT_NAME = "$(TARGET_NAME)";
				SWIFT_EMIT_LOC_STRINGS = YES;
				SWIFT_VERSION = 5.0;
				TARGETED_DEVICE_FAMILY = "1,2";
			};
			name = Debug;
		};
		626D7C7E2FDC916900920649 /* Release */ = {
			isa = XCBuildConfiguration;
			buildSettings = {
				ASSETCATALOG_COMPILER_APPICON_NAME = AppIcon;
				ASSETCATALOG_COMPILER_GLOBAL_ACCENT_COLOR_NAME = AccentColor;
				CODE_SIGN_STYLE = Automatic;
				CURRENT_PROJECT_VERSION = 1;
				DEVELOPMENT_ASSET_PATHS = "\"ImgIdentification/Preview Content\"";
				ENABLE_PREVIEWS = YES;
				GENERATE_INFOPLIST_FILE = YES;
				INFOPLIST_KEY_UIApplicationSceneManifest_Generation = YES;
				INFOPLIST_KEY_UIApplicationSupportsIndirectInputEvents = YES;
				INFOPLIST_KEY_UILaunchScreen_Generation = YES;
				INFOPLIST_KEY_UISupportedInterfaceOrientations_iPad = "UIInterfaceOrientationPortrait UIInterfaceOrientationPortraitUpsideDown UIInterfaceOrientationLandscapeLeft UIInterfaceOrientationLandscapeRight";
				INFOPLIST_KEY_UISupportedInterfaceOrientations_iPhone = "UIInterfaceOrientationPortrait UIInterfaceOrientationLandscapeLeft UIInterfaceOrientationLandscapeRight";
				LD_RUNPATH_SEARCH_PATHS = (
					"$(inherited)",
					"@executable_path/Frameworks",
				);
				MARKETING_VERSION = 1.0;
				PRODUCT_BUNDLE_IDENTIFIER = com.LearningTutorial.ImgIdentification;
				PRODUCT_NAME = "$(TARGET_NAME)";
				SWIFT_EMIT_LOC_STRINGS = YES;
				SWIFT_VERSION = 5.0;
				TARGETED_DEVICE_FAMILY = "1,2";
			};
			name = Release;
		};
/* End XCBuildConfiguration section */

/* Begin XCConfigurationList section */
		626D7C692FDC916700920649 /* Build configuration list for PBXProject "ImgIdentification" */ = {
			isa = XCConfigurationList;
			buildConfigurations = (
				626D7C7A2FDC916900920649 /* Debug */,
				626D7C7B2FDC916900920649 /* Release */,
			);
			defaultConfigurationIsVisible = 0;
			defaultConfigurationName = Release;
		};
		626D7C7C2FDC916900920649 /* Build configuration list for PBXNativeTarget "ImgIdentification" */ = {
			isa = XCConfigurationList;
			buildConfigurations = (
				626D7C7D2FDC916900920649 /* Debug */,
				626D7C7E2FDC916900920649 /* Release */,
			);
			defaultConfigurationIsVisible = 0;
			defaultConfigurationName = Release;
		};
/* End XCConfigurationList section */
	};
	rootObject = 626D7C662FDC916700920649 /* Project object */;
}
